{
  "name": "service-a",
  "version": "1.0.0",
  "lockfileVersion": 1,
  "requires": true,
  "dependencies": {
    "bwip-js": {
      "version": "2.0.6",
      "resolved": "https://registry.npmjs.org/bwip-js/-/bwip-js-2.0.6.tgz",
      "integrity": "sha512-25zupM+tgx6NGmrg0kFhdkddeQ5+QnUMvHbb7cPNVbBdFDd0SOG3xRZ1ocGDEamhmM+fStglCLEkH21OpD4Y/w=="
    }
  }
}
