{
  "name": "sls-prune",
  "version": "1.0.0",
  "lockfileVersion": 1,
  "requires": true,
  "dependencies": {
    "bluebird": {
      "version": "3.7.2",
      "resolved": "https://registry.npmjs.org/bluebird/-/bluebird-3.7.2.tgz",
      "integrity": "sha512-XpNj6GDQzdfW+r2Wnn7xiSAd7TM3jzkxGXBGTtWKuSXv1xUV+azxAm8jdWZN06QTQk+2N2XB9jRDkvbmQmcRtg==",
      "dev": true
    },
    "serverless-prune-plugin": {
      "version": "1.4.3",
      "resolved": "https://registry.npmjs.org/serverless-prune-plugin/-/serverless-prune-plugin-1.4.3.tgz",
      "integrity": "sha512-gsZF3oLs5rFdp6ynjiWf5cuXZ4DZrAhxRd5Zf2gfH/43kPqtZMZzUqcGYbHh1OXbOzogdn8fEg5d4Q3xxWwRBA==",
      "dev": true,
      "requires": {
        "bluebird": "^3.4.7"
      }
    }
  }
}
