{
  "name": "csharp",
  "version": "1.0.0",
  "lockfileVersion": 1,
  "requires": true,
  "dependencies": {
    "serverless-latest-layer-version": {
      "version": "2.1.1",
      "resolved": "https://registry.npmjs.org/serverless-latest-layer-version/-/serverless-latest-layer-version-2.1.1.tgz",
      "integrity": "sha512-lbaj1tUk01Q9Cl1ve6BNlqWSO6OQBHix/tSL+n73uaCId6biro/Vjfg43D5FyV2RQhgcBl6cm0WJoykO8CQu9w==",
      "dev": true,
      "requires": {
        "traverse": "^0.6.6"
      }
    },
    "traverse": {
      "version": "0.6.6",
      "resolved": "https://registry.npmjs.org/traverse/-/traverse-0.6.6.tgz",
      "integrity": "sha1-y99WD9e5r2MlAv7UD5GMFX6pcTc=",
      "dev": true
    }
  }
}
