{
  "name": "client",
  "version": "1.0.0",
  "lockfileVersion": 1,
  "requires": true,
  "dependencies": {
    "@swim/client": {
      "version": "3.10.2",
      "resolved": "https://registry.npmjs.org/@swim/client/-/client-3.10.2.tgz",
      "integrity": "sha512-LTwhrqxIFKcXJ6H/WxV+lO1mEOA2+RL8oX5NiDjXPEYFefMYuEU5CPQOCZvMr5R1bWj2KnYQCWygI83Wv2UljA==",
      "requires": {
        "@swim/codec": "3.10.2",
        "@swim/collections": "3.10.2",
        "@swim/dataflow": "3.10.2",
        "@swim/recon": "3.10.2",
        "@swim/streamlet": "3.10.2",
        "@swim/structure": "3.10.2",
        "@swim/uri": "3.10.2",
        "@swim/util": "3.10.2",
        "@swim/warp": "3.10.2",
        "ws": "7"
      }
    },
    "@swim/codec": {
      "version": "3.10.2",
      "resolved": "https://registry.npmjs.org/@swim/codec/-/codec-3.10.2.tgz",
      "integrity": "sha512-RibKhago4ndVKgjyhFeKtnFquIFkhJU/ahJuK1i7gwVWIHWFfwYZ9WBwnBi6p5v3ZsoXlTKGecvNjl+svWY7VQ==",
      "requires": {
        "@swim/util": "3.10.2"
      }
    },
    "@swim/collections": {
      "version": "3.10.2",
      "resolved": "https://registry.npmjs.org/@swim/collections/-/collections-3.10.2.tgz",
      "integrity": "sha512-6TBNa9W7iwCVcpbieiOmFBPUtMLfKrdrxv9m+48EVuwyYvxRIn5ryNLnYihYlS92dVJ498rnbNEIwib7rzPd+A==",
      "requires": {
        "@swim/codec": "3.10.2",
        "@swim/util": "3.10.2"
      }
    },
    "@swim/dataflow": {
      "version": "3.10.2",
      "resolved": "https://registry.npmjs.org/@swim/dataflow/-/dataflow-3.10.2.tgz",
      "integrity": "sha512-SxkOQJqQ8dxmDZqJpfZvFIKDWABoy2591F2OHLSKBH3JkVkMj3YA56FMpvvGjV682kS0gNMCZk0vIwIgsAqxIA==",
      "requires": {
        "@swim/collections": "3.10.2",
        "@swim/streamlet": "3.10.2",
        "@swim/structure": "3.10.2",
        "@swim/util": "3.10.2"
      }
    },
    "@swim/recon": {
      "version": "3.10.2",
      "resolved": "https://registry.npmjs.org/@swim/recon/-/recon-3.10.2.tgz",
      "integrity": "sha512-ksPlOgnNLAJHWJ6ZVqurZMVDxpHq776DmtJBDvY/KudcV64eHQ6LjNqhSVunZrHCmo9e4CqLV+OKhM+mkXvGnw==",
      "requires": {
        "@swim/codec": "3.10.2",
        "@swim/structure": "3.10.2",
        "@swim/util": "3.10.2"
      }
    },
    "@swim/streamlet": {
      "version": "3.10.2",
      "resolved": "https://registry.npmjs.org/@swim/streamlet/-/streamlet-3.10.2.tgz",
      "integrity": "sha512-Je1TutZdjMjiMVSIT4eu7bCg5o2LO1yn87TfK+OsCLVjLWhIJV1A2wrqzMlsAm108yZKUGRuSStWkYNfJ+DFcg==",
      "requires": {
        "@swim/collections": "3.10.2",
        "@swim/util": "3.10.2"
      }
    },
    "@swim/structure": {
      "version": "3.10.2",
      "resolved": "https://registry.npmjs.org/@swim/structure/-/structure-3.10.2.tgz",
      "integrity": "sha512-MWrLYGvZpZky9wWY6d6OBVd2nR9XlRP8swrQnNYVCzynqmMsZC02Li9pu4wrAZLVB8mINQhC/FdgAN+uRETCPQ==",
      "requires": {
        "@swim/codec": "3.10.2",
        "@swim/util": "3.10.2"
      }
    },
    "@swim/uri": {
      "version": "3.10.2",
      "resolved": "https://registry.npmjs.org/@swim/uri/-/uri-3.10.2.tgz",
      "integrity": "sha512-9bqbFg/BJ/3LmE97MpxPnII1Vyu4RAcUXcyKogtJ37dqyEVJgzr8ZrDQpl16rlzMav1Z38K9qglfzcUU7yPrVQ==",
      "requires": {
        "@swim/codec": "3.10.2",
        "@swim/structure": "3.10.2",
        "@swim/util": "3.10.2"
      }
    },
    "@swim/util": {
      "version": "3.10.2",
      "resolved": "https://registry.npmjs.org/@swim/util/-/util-3.10.2.tgz",
      "integrity": "sha512-cuidMYmM2sQVpMjkfEjDlIzYaLy4aOGgfqmrGdsJ835OfIZs3oooG2j/Yz3BY30rQar6gcH84xQ3xEosqV3TDg=="
    },
    "@swim/warp": {
      "version": "3.10.2",
      "resolved": "https://registry.npmjs.org/@swim/warp/-/warp-3.10.2.tgz",
      "integrity": "sha512-nBlFUfentCaVClkbkuhz9TeC9LEySETRsmicg5KwjDZFlN1JXzFnJNW2GwnwSkyT75bXtlHHVrkUQLEllDAHKA==",
      "requires": {
        "@swim/codec": "3.10.2",
        "@swim/recon": "3.10.2",
        "@swim/structure": "3.10.2",
        "@swim/uri": "3.10.2",
        "@swim/util": "3.10.2"
      }
    },
    "ws": {
      "version": "7.5.10",
      "resolved": "https://registry.npmjs.org/ws/-/ws-7.5.10.tgz",
      "integrity": "sha512-+dbF1tHwZpXcbOJdVOkzLDxZP1ailvSxM6ZweXTegylPny803bFhA+vqBYw4s31NSAk4S2Qz+AKXK9a4wkdjcQ=="
    }
  }
}
