{
  "name": "lambda-extensions",
  "version": "1.0.0",
  "lockfileVersion": 1,
  "requires": true,
  "dependencies": {
    "@types/uuid": {
      "version": "8.3.0",
      "resolved": "https://registry.npmjs.org/@types/uuid/-/uuid-8.3.0.tgz",
      "integrity": "sha512-eQ9qFW/fhfGJF8WKHGEHZEyVWfZxrT+6CLIJGBcZPfxUh/+BnEj+UCGYMlr9qZuX/2AltsvwrGqp0LhEW8D0zQ==",
      "dev": true
    },
    "uuid": {
      "version": "8.3.1",
      "resolved": "https://registry.npmjs.org/uuid/-/uuid-8.3.1.tgz",
      "integrity": "sha512-FOmRr+FmWEIG8uhZv6C2bTgEVXsHk08kE7mPlrBbEe+c3r9pjceVPgupIfNIhc4yx55H69OXANrUaSuu9eInKg==",
      "dev": true
    },
    "uuidv4": {
      "version": "6.2.5",
      "resolved": "https://registry.npmjs.org/uuidv4/-/uuidv4-6.2.5.tgz",
      "integrity": "sha512-ZUFxKFP9EWmju6a1tdne/pP+R65QGfcZ3LK2ExHHdwKuznX0Sx9kwhFd3Ss543Ft107SCQLyXcvHS+lmFsM9Zw==",
      "dev": true,
      "requires": {
        "@types/uuid": "8.3.0",
        "uuid": "8.3.1"
      }
    }
  }
}
